{
  "name": "New folder",
  "lockfileVersion": 3,
  "requires": true,
  "packages": {
    "": {
      "dependencies": {
        "rizalcss": "^2.0.9"
      }
    },
    "node_modules/rizalcss": {
      "version": "2.0.9",
      "resolved": "https://registry.npmjs.org/rizalcss/-/rizalcss-2.0.9.tgz",
      "integrity": "sha512-HzjFTS5VHd0/uyR2QoZcer8Em9/5lYUWmzgF5T5OClhYWIpmcHwlH1hiVjjRVQKleC1sfIjzDMhddMxQ26P3VA=="
    }
  }
}
